
Microsoft Visual Studio Solution File, Format Version 12.00
# Visual Studio Version 16
VisualStudioVersion = 16.0.32106.194
MinimumVisualStudioVersion = 10.0.40219.1
Project("{FAE04EC0-301F-11D3-BF4B-00C04F79EFBC}") = "WebApplication1", "WebApplication1\WebApplication1.csproj", "{A2CFA70D-915D-40A2-9284-65CAC4B63942}"
EndProject
Project("{FAE04EC0-301F-11D3-BF4B-00C04F79EFBC}") = "WebApplication2", "WebApplication2\WebApplication2.csproj", "{81FE3959-41A7-4E5B-BA62-0553450880B0}"
EndProject
Global
	GlobalSection(SolutionConfigurationPlatforms) = preSolution
		Debug|Any CPU = Debug|Any CPU
		Release|Any CPU = Release|Any CPU
	EndGlobalSection
	GlobalSection(ProjectConfigurationPlatforms) = postSolution
		{A2CFA70D-915D-40A2-9284-65CAC4B63942}.Debug|Any CPU.ActiveCfg = Debug|Any CPU
		{A2CFA70D-915D-40A2-9284-65CAC4B63942}.Debug|Any CPU.Build.0 = Debug|Any CPU
		{A2CFA70D-915D-40A2-9284-65CAC4B63942}.Release|Any CPU.ActiveCfg = Release|Any CPU
		{A2CFA70D-915D-40A2-9284-65CAC4B63942}.Release|Any CPU.Build.0 = Release|Any CPU
		{81FE3959-41A7-4E5B-BA62-0553450880B0}.Debug|Any CPU.ActiveCfg = Debug|Any CPU
		{81FE3959-41A7-4E5B-BA62-0553450880B0}.Debug|Any CPU.Build.0 = Debug|Any CPU
		{81FE3959-41A7-4E5B-BA62-0553450880B0}.Release|Any CPU.ActiveCfg = Release|Any CPU
		{81FE3959-41A7-4E5B-BA62-0553450880B0}.Release|Any CPU.Build.0 = Release|Any CPU
	EndGlobalSection
	GlobalSection(SolutionProperties) = preSolution
		HideSolutionNode = FALSE
	EndGlobalSection
	GlobalSection(ExtensibilityGlobals) = postSolution
		SolutionGuid = {0BF8040B-69B7-4F25-9E36-35D254BEAE57}
	EndGlobalSection
EndGlobal
